
Microsoft Visual Studio Solution File, Format Version 12.00
# Visual Studio Version 17
VisualStudioVersion = 17.0.31919.166
MinimumVisualStudioVersion = 10.0.40219.1
Project("{FAE04EC0-301F-11D3-BF4B-00C04F79EFBC}") = "Assignment2", "Assignment2\Assignment2.csproj", "{DACB7373-201D-455A-8857-36AEE8931E6F}"
EndProject
Global
	GlobalSection(SolutionConfigurationPlatforms) = preSolution
		Debug|Any CPU = Debug|Any CPU
		Release|Any CPU = Release|Any CPU
	EndGlobalSection
	GlobalSection(ProjectConfigurationPlatforms) = postSolution
		{DACB7373-201D-455A-8857-36AEE8931E6F}.Debug|Any CPU.ActiveCfg = Debug|Any CPU
		{DACB7373-201D-455A-8857-36AEE8931E6F}.Debug|Any CPU.Build.0 = Debug|Any CPU
		{DACB7373-201D-455A-8857-36AEE8931E6F}.Release|Any CPU.ActiveCfg = Release|Any CPU
		{DACB7373-201D-455A-8857-36AEE8931E6F}.Release|Any CPU.Build.0 = Release|Any CPU
	EndGlobalSection
	GlobalSection(SolutionProperties) = preSolution
		HideSolutionNode = FALSE
	EndGlobalSection
	GlobalSection(ExtensibilityGlobals) = postSolution
		SolutionGuid = {1F69B9AC-1BD6-4F45-BC7B-8C8E8BC1DA5A}
	EndGlobalSection
EndGlobal
